// !$*UTF8*$!
{
	archiveVersion = 1;
	classes = {
	};
	objectVersion = 50;
	objects = {

/* Begin PBXBuildFile section */
		1C4D76B120C1569700458079 /* MainNavigationController.swift in Sources */ = {isa = PBXBuildFile; fileRef = 1C4D76B020C1569700458079 /* MainNavigationController.swift */; };
		1C4D76B320C159AE00458079 /* LoginViewController.swift in Sources */ = {isa = PBXBuildFile; fileRef = 1C4D76B220C159AE00458079 /* LoginViewController.swift */; };
		1C4D76B520C16ACC00458079 /* MainViewController.swift in Sources */ = {isa = PBXBuildFile; fileRef = 1C4D76B420C16ACC00458079 /* MainViewController.swift */; };
		1C4D76B720C16BAD00458079 /* SideMenuViewController.swift in Sources */ = {isa = PBXBuildFile; fileRef = 1C4D76B620C16BAD00458079 /* SideMenuViewController.swift */; };
		1C4D76B920C1710E00458079 /* MainContainerViewController.swift in Sources */ = {isa = PBXBuildFile; fileRef = 1C4D76B820C1710E00458079 /* MainContainerViewController.swift */; };
		1C4D76BB20C1826200458079 /* ProfileViewController.swift in Sources */ = {isa = PBXBuildFile; fileRef = 1C4D76BA20C1826200458079 /* ProfileViewController.swift */; };
		1C4D76BD20C1826F00458079 /* SettingsViewController.swift in Sources */ = {isa = PBXBuildFile; fileRef = 1C4D76BC20C1826F00458079 /* SettingsViewController.swift */; };
		1C57E50120BF8387004E1270 /* AppDelegate.swift in Sources */ = {isa = PBXBuildFile; fileRef = 1C57E50020BF8387004E1270 /* AppDelegate.swift */; };
		1C57E50620BF8387004E1270 /* Main.storyboard in Resources */ = {isa = PBXBuildFile; fileRef = 1C57E50420BF8387004E1270 /* Main.storyboard */; };
		1C57E50820BF8388004E1270 /* Assets.xcassets in Resources */ = {isa = PBXBuildFile; fileRef = 1C57E50720BF8388004E1270 /* Assets.xcassets */; };
		1C57E50B20BF8388004E1270 /* LaunchScreen.storyboard in Resources */ = {isa = PBXBuildFile; fileRef = 1C57E50920BF8388004E1270 /* LaunchScreen.storyboard */; };
/* End PBXBuildFile section */

/* Begin PBXFileReference section */
		1C4D76B020C1569700458079 /* MainNavigationController.swift */ = {isa = PBXFileReference; lastKnownFileType = sourcecode.swift; path = MainNavigationController.swift; sourceTree = "<group>"; };
		1C4D76B220C159AE00458079 /* LoginViewController.swift */ = {isa = PBXFileReference; lastKnownFileType = sourcecode.swift; path = LoginViewController.swift; sourceTree = "<group>"; };
		1C4D76B420C16ACC00458079 /* MainViewController.swift */ = {isa = PBXFileReference; lastKnownFileType = sourcecode.swift; path = MainViewController.swift; sourceTree = "<group>"; };
		1C4D76B620C16BAD00458079 /* SideMenuViewController.swift */ = {isa = PBXFileReference; lastKnownFileType = sourcecode.swift; path = SideMenuViewController.swift; sourceTree = "<group>"; };
		1C4D76B820C1710E00458079 /* MainContainerViewController.swift */ = {isa = PBXFileReference; lastKnownFileType = sourcecode.swift; path = MainContainerViewController.swift; sourceTree = "<group>"; };
		1C4D76BA20C1826200458079 /* ProfileViewController.swift */ = {isa = PBXFileReference; lastKnownFileType = sourcecode.swift; path = ProfileViewController.swift; sourceTree = "<group>"; };
		1C4D76BC20C1826F00458079 /* SettingsViewController.swift */ = {isa = PBXFileReference; lastKnownFileType = sourcecode.swift; path = SettingsViewController.swift; sourceTree = "<group>"; };
		1C57E4FD20BF8387004E1270 /* USS-Mobile-Response-iOS.app */ = {isa = PBXFileReference; explicitFileType = wrapper.application; includeInIndex = 0; path = "USS-Mobile-Response-iOS.app"; sourceTree = BUILT_PRODUCTS_DIR; };
		1C57E50020BF8387004E1270 /* AppDelegate.swift */ = {isa = PBXFileReference; lastKnownFileType = sourcecode.swift; path = AppDelegate.swift; sourceTree = "<group>"; };
		1C57E50520BF8387004E1270 /* Base */ = {isa = PBXFileReference; lastKnownFileType = file.storyboard; name = Base; path = Base.lproj/Main.storyboard; sourceTree = "<group>"; };
		1C57E50720BF8388004E1270 /* Assets.xcassets */ = {isa = PBXFileReference; lastKnownFileType = folder.assetcatalog; path = Assets.xcassets; sourceTree = "<group>"; };
		1C57E50A20BF8388004E1270 /* Base */ = {isa = PBXFileReference; lastKnownFileType = file.storyboard; name = Base; path = Base.lproj/LaunchScreen.storyboard; sourceTree = "<group>"; };
		1C57E50C20BF8388004E1270 /* Info.plist */ = {isa = PBXFileReference; lastKnownFileType = text.plist.xml; path = Info.plist; sourceTree = "<group>"; };
/* End PBXFileReference section */

/* Begin PBXFrameworksBuildPhase section */
		1C57E4FA20BF8387004E1270 /* Frameworks */ = {
			isa = PBXFrameworksBuildPhase;
			buildActionMask = 2147483647;
			files = (
			);
			runOnlyForDeploymentPostprocessing = 0;
		};
/* End PBXFrameworksBuildPhase section */

/* Begin PBXGroup section */
		1C57E4F420BF8386004E1270 = {
			isa = PBXGroup;
			children = (
				1C57E4FF20BF8387004E1270 /* USS-Mobile-Response-iOS */,
				1C57E4FE20BF8387004E1270 /* Products */,
			);
			sourceTree = "<group>";
		};
		1C57E4FE20BF8387004E1270 /* Products */ = {
			isa = PBXGroup;
			children = (
				1C57E4FD20BF8387004E1270 /* USS-Mobile-Response-iOS.app */,
			);
			name = Products;
			sourceTree = "<group>";
		};
		1C57E4FF20BF8387004E1270 /* USS-Mobile-Response-iOS */ = {
			isa = PBXGroup;
			children = (
				1C57E50020BF8387004E1270 /* AppDelegate.swift */,
				1C57E50420BF8387004E1270 /* Main.storyboard */,
				1C57E50720BF8388004E1270 /* Assets.xcassets */,
				1C57E50920BF8388004E1270 /* LaunchScreen.storyboard */,
				1C57E50C20BF8388004E1270 /* Info.plist */,
				1C4D76B220C159AE00458079 /* LoginViewController.swift */,
				1C4D76B820C1710E00458079 /* MainContainerViewController.swift */,
				1C4D76B020C1569700458079 /* MainNavigationController.swift */,
				1C4D76B420C16ACC00458079 /* MainViewController.swift */,
				1C4D76B620C16BAD00458079 /* SideMenuViewController.swift */,
				1C4D76BA20C1826200458079 /* ProfileViewController.swift */,
				1C4D76BC20C1826F00458079 /* SettingsViewController.swift */,
			);
			path = "USS-Mobile-Response-iOS";
			sourceTree = "<group>";
		};
/* End PBXGroup section */

/* Begin PBXNativeTarget section */
		1C57E4FC20BF8387004E1270 /* USS-Mobile-Response-iOS */ = {
			isa = PBXNativeTarget;
			buildConfigurationList = 1C57E50F20BF8388004E1270 /* Build configuration list for PBXNativeTarget "USS-Mobile-Response-iOS" */;
			buildPhases = (
				1C57E4F920BF8387004E1270 /* Sources */,
				1C57E4FA20BF8387004E1270 /* Frameworks */,
				1C57E4FB20BF8387004E1270 /* Resources */,
			);
			buildRules = (
			);
			dependencies = (
			);
			name = "USS-Mobile-Response-iOS";
			productName = "USS-Mobile-Response-iOS";
			productReference = 1C57E4FD20BF8387004E1270 /* USS-Mobile-Response-iOS.app */;
			productType = "com.apple.product-type.application";
		};
/* End PBXNativeTarget section */

/* Begin PBXProject section */
		1C57E4F520BF8386004E1270 /* Project object */ = {
			isa = PBXProject;
			attributes = {
				LastSwiftUpdateCheck = 0930;
				LastUpgradeCheck = 0930;
				ORGANIZATIONNAME = "Andrew Tsai";
				TargetAttributes = {
					1C57E4FC20BF8387004E1270 = {
						CreatedOnToolsVersion = 9.3.1;
					};
				};
			};
			buildConfigurationList = 1C57E4F820BF8386004E1270 /* Build configuration list for PBXProject "USS-Mobile-Response-iOS" */;
			compatibilityVersion = "Xcode 9.3";
			developmentRegion = en;
			hasScannedForEncodings = 0;
			knownRegions = (
				en,
				Base,
			);
			mainGroup = 1C57E4F420BF8386004E1270;
			productRefGroup = 1C57E4FE20BF8387004E1270 /* Products */;
			projectDirPath = "";
			projectRoot = "";
			targets = (
				1C57E4FC20BF8387004E1270 /* USS-Mobile-Response-iOS */,
			);
		};
/* End PBXProject section */

/* Begin PBXResourcesBuildPhase section */
		1C57E4FB20BF8387004E1270 /* Resources */ = {
			isa = PBXResourcesBuildPhase;
			buildActionMask = 2147483647;
			files = (
				1C57E50B20BF8388004E1270 /* LaunchScreen.storyboard in Resources */,
				1C57E50820BF8388004E1270 /* Assets.xcassets in Resources */,
				1C57E50620BF8387004E1270 /* Main.storyboard in Resources */,
			);
			runOnlyForDeploymentPostprocessing = 0;
		};
/* End PBXResourcesBuildPhase section */

/* Begin PBXSourcesBuildPhase section */
		1C57E4F920BF8387004E1270 /* Sources */ = {
			isa = PBXSourcesBuildPhase;
			buildActionMask = 2147483647;
			files = (
				1C4D76B320C159AE00458079 /* LoginViewController.swift in Sources */,
				1C4D76B920C1710E00458079 /* MainContainerViewController.swift in Sources */,
				1C4D76B120C1569700458079 /* MainNavigationController.swift in Sources */,
				1C57E50120BF8387004E1270 /* AppDelegate.swift in Sources */,
				1C4D76BB20C1826200458079 /* ProfileViewController.swift in Sources */,
				1C4D76B720C16BAD00458079 /* SideMenuViewController.swift in Sources */,
				1C4D76B520C16ACC00458079 /* MainViewController.swift in Sources */,
				1C4D76BD20C1826F00458079 /* SettingsViewController.swift in Sources */,
			);
			runOnlyForDeploymentPostprocessing = 0;
		};
/* End PBXSourcesBuildPhase section */

/* Begin PBXVariantGroup section */
		1C57E50420BF8387004E1270 /* Main.storyboard */ = {
			isa = PBXVariantGroup;
			children = (
				1C57E50520BF8387004E1270 /* Base */,
			);
			name = Main.storyboard;
			sourceTree = "<group>";
		};
		1C57E50920BF8388004E1270 /* LaunchScreen.storyboard */ = {
			isa = PBXVariantGroup;
			children = (
				1C57E50A20BF8388004E1270 /* Base */,
			);
			name = LaunchScreen.storyboard;
			sourceTree = "<group>";
		};
/* End PBXVariantGroup section */

/* Begin XCBuildConfiguration section */
		1C57E50D20BF8388004E1270 /* Debug */ = {
			isa = XCBuildConfiguration;
			buildSettings = {
				ALWAYS_SEARCH_USER_PATHS = NO;
				CLANG_ANALYZER_NONNULL = YES;
				CLANG_ANALYZER_NUMBER_OBJECT_CONVERSION = YES_AGGRESSIVE;
				CLANG_CXX_LANGUAGE_STANDARD = "gnu++14";
				CLANG_CXX_LIBRARY = "libc++";
				CLANG_ENABLE_MODULES = YES;
				CLANG_ENABLE_OBJC_ARC = YES;
				CLANG_ENABLE_OBJC_WEAK = YES;
				CLANG_WARN_BLOCK_CAPTURE_AUTORELEASING = YES;
				CLANG_WARN_BOOL_CONVERSION = YES;
				CLANG_WARN_COMMA = YES;
				CLANG_WARN_CONSTANT_CONVERSION = YES;
				CLANG_WARN_DEPRECATED_OBJC_IMPLEMENTATIONS = YES;
				CLANG_WARN_DIRECT_OBJC_ISA_USAGE = YES_ERROR;
				CLANG_WARN_DOCUMENTATION_COMMENTS = YES;
				CLANG_WARN_EMPTY_BODY = YES;
				CLANG_WARN_ENUM_CONVERSION = YES;
				CLANG_WARN_INFINITE_RECURSION = YES;
				CLANG_WARN_INT_CONVERSION = YES;
				CLANG_WARN_NON_LITERAL_NULL_CONVERSION = YES;
				CLANG_WARN_OBJC_IMPLICIT_RETAIN_SELF = YES;
				CLANG_WARN_OBJC_LITERAL_CONVERSION = YES;
				CLANG_WARN_OBJC_ROOT_CLASS = YES_ERROR;
				CLANG_WARN_RANGE_LOOP_ANALYSIS = YES;
				CLANG_WARN_STRICT_PROTOTYPES = YES;
				CLANG_WARN_SUSPICIOUS_MOVE = YES;
				CLANG_WARN_UNGUARDED_AVAILABILITY = YES_AGGRESSIVE;
				CLANG_WARN_UNREACHABLE_CODE = YES;
				CLANG_WARN__DUPLICATE_METHOD_MATCH = YES;
				CODE_SIGN_IDENTITY = "iPhone Developer";
				COPY_PHASE_STRIP = NO;
				DEBUG_INFORMATION_FORMAT = dwarf;
				ENABLE_STRICT_OBJC_MSGSEND = YES;
				ENABLE_TESTABILITY = YES;
				GCC_C_LANGUAGE_STANDARD = gnu11;
				GCC_DYNAMIC_NO_PIC = NO;
				GCC_NO_COMMON_BLOCKS = YES;
				GCC_OPTIMIZATION_LEVEL = 0;
				GCC_PREPROCESSOR_DEFINITIONS = (
					"DEBUG=1",
					"$(inherited)",
				);
				GCC_WARN_64_TO_32_BIT_CONVERSION = YES;
				GCC_WARN_ABOUT_RETURN_TYPE = YES_ERROR;
				GCC_WARN_UNDECLARED_SELECTOR = YES;
				GCC_WARN_UNINITIALIZED_AUTOS = YES_AGGRESSIVE;
				GCC_WARN_UNUSED_FUNCTION = YES;
				GCC_WARN_UNUSED_VARIABLE = YES;
				IPHONEOS_DEPLOYMENT_TARGET = 11.3;
				MTL_ENABLE_DEBUG_INFO = YES;
				ONLY_ACTIVE_ARCH = YES;
				SDKROOT = iphoneos;
				SWIFT_ACTIVE_COMPILATION_CONDITIONS = DEBUG;
				SWIFT_OPTIMIZATION_LEVEL = "-Onone";
			};
			name = Debug;
		};
		1C57E50E20BF8388004E1270 /* Release */ = {
			isa = XCBuildConfiguration;
			buildSettings = {
				ALWAYS_SEARCH_USER_PATHS = NO;
				CLANG_ANALYZER_NONNULL = YES;
				CLANG_ANALYZER_NUMBER_OBJECT_CONVERSION = YES_AGGRESSIVE;
				CLANG_CXX_LANGUAGE_STANDARD = "gnu++14";
				CLANG_CXX_LIBRARY = "libc++";
				CLANG_ENABLE_MODULES = YES;
				CLANG_ENABLE_OBJC_ARC = YES;
				CLANG_ENABLE_OBJC_WEAK = YES;
				CLANG_WARN_BLOCK_CAPTURE_AUTORELEASING = YES;
				CLANG_WARN_BOOL_CONVERSION = YES;
				CLANG_WARN_COMMA = YES;
				CLANG_WARN_CONSTANT_CONVERSION = YES;
				CLANG_WARN_DEPRECATED_OBJC_IMPLEMENTATIONS = YES;
				CLANG_WARN_DIRECT_OBJC_ISA_USAGE = YES_ERROR;
				CLANG_WARN_DOCUMENTATION_COMMENTS = YES;
				CLANG_WARN_EMPTY_BODY = YES;
				CLANG_WARN_ENUM_CONVERSION = YES;
				CLANG_WARN_INFINITE_RECURSION = YES;
				CLANG_WARN_INT_CONVERSION = YES;
				CLANG_WARN_NON_LITERAL_NULL_CONVERSION = YES;
				CLANG_WARN_OBJC_IMPLICIT_RETAIN_SELF = YES;
				CLANG_WARN_OBJC_LITERAL_CONVERSION = YES;
				CLANG_WARN_OBJC_ROOT_CLASS = YES_ERROR;
				CLANG_WARN_RANGE_LOOP_ANALYSIS = YES;
				CLANG_WARN_STRICT_PROTOTYPES = YES;
				CLANG_WARN_SUSPICIOUS_MOVE = YES;
				CLANG_WARN_UNGUARDED_AVAILABILITY = YES_AGGRESSIVE;
				CLANG_WARN_UNREACHABLE_CODE = YES;
				CLANG_WARN__DUPLICATE_METHOD_MATCH = YES;
				CODE_SIGN_IDENTITY = "iPhone Developer";
				COPY_PHASE_STRIP = NO;
				DEBUG_INFORMATION_FORMAT = "dwarf-with-dsym";
				ENABLE_NS_ASSERTIONS = NO;
				ENABLE_STRICT_OBJC_MSGSEND = YES;
				GCC_C_LANGUAGE_STANDARD = gnu11;
				GCC_NO_COMMON_BLOCKS = YES;
				GCC_WARN_64_TO_32_BIT_CONVERSION = YES;
				GCC_WARN_ABOUT_RETURN_TYPE = YES_ERROR;
				GCC_WARN_UNDECLARED_SELECTOR = YES;
				GCC_WARN_UNINITIALIZED_AUTOS = YES_AGGRESSIVE;
				GCC_WARN_UNUSED_FUNCTION = YES;
				GCC_WARN_UNUSED_VARIABLE = YES;
				IPHONEOS_DEPLOYMENT_TARGET = 11.3;
				MTL_ENABLE_DEBUG_INFO = NO;
				SDKROOT = iphoneos;
				SWIFT_COMPILATION_MODE = wholemodule;
				SWIFT_OPTIMIZATION_LEVEL = "-O";
				VALIDATE_PRODUCT = YES;
			};
			name = Release;
		};
		1C57E51020BF8388004E1270 /* Debug */ = {
			isa = XCBuildConfiguration;
			buildSettings = {
				ASSETCATALOG_COMPILER_APPICON_NAME = AppIcon;
				CODE_SIGN_STYLE = Automatic;
				INFOPLIST_FILE = "USS-Mobile-Response-iOS/Info.plist";
				LD_RUNPATH_SEARCH_PATHS = (
					"$(inherited)",
					"@executable_path/Frameworks",
				);
				PRODUCT_BUNDLE_IDENTIFIER = "UUSS.USS-Mobile-Response-iOS";
				PRODUCT_NAME = "$(TARGET_NAME)";
				SWIFT_VERSION = 4.0;
				TARGETED_DEVICE_FAMILY = "1,2";
			};
			name = Debug;
		};
		1C57E51120BF8388004E1270 /* Release */ = {
			isa = XCBuildConfiguration;
			buildSettings = {
				ASSETCATALOG_COMPILER_APPICON_NAME = AppIcon;
				CODE_SIGN_STYLE = Automatic;
				INFOPLIST_FILE = "USS-Mobile-Response-iOS/Info.plist";
				LD_RUNPATH_SEARCH_PATHS = (
					"$(inherited)",
					"@executable_path/Frameworks",
				);
				PRODUCT_BUNDLE_IDENTIFIER = "UUSS.USS-Mobile-Response-iOS";
				PRODUCT_NAME = "$(TARGET_NAME)";
				SWIFT_VERSION = 4.0;
				TARGETED_DEVICE_FAMILY = "1,2";
			};
			name = Release;
		};
/* End XCBuildConfiguration section */

/* Begin XCConfigurationList section */
		1C57E4F820BF8386004E1270 /* Build configuration list for PBXProject "USS-Mobile-Response-iOS" */ = {
			isa = XCConfigurationList;
			buildConfigurations = (
				1C57E50D20BF8388004E1270 /* Debug */,
				1C57E50E20BF8388004E1270 /* Release */,
			);
			defaultConfigurationIsVisible = 0;
			defaultConfigurationName = Release;
		};
		1C57E50F20BF8388004E1270 /* Build configuration list for PBXNativeTarget "USS-Mobile-Response-iOS" */ = {
			isa = XCConfigurationList;
			buildConfigurations = (
				1C57E51020BF8388004E1270 /* Debug */,
				1C57E51120BF8388004E1270 /* Release */,
			);
			defaultConfigurationIsVisible = 0;
			defaultConfigurationName = Release;
		};
/* End XCConfigurationList section */
	};
	rootObject = 1C57E4F520BF8386004E1270 /* Project object */;
}
